
Microsoft Visual Studio Solution File, Format Version 12.00
# Visual Studio 14
VisualStudioVersion = 14.0.23107.0
MinimumVisualStudioVersion = 10.0.40219.1
Project("{FAE04EC0-301F-11D3-BF4B-00C04F79EFBC}") = "MapEditor", "2_ViewMapEditor\MapEditor.csproj", "{653A84CC-8510-4182-9CF5-E2ABB65E49E9}"
EndProject
Project("{FAE04EC0-301F-11D3-BF4B-00C04F79EFBC}") = "ConsoleMapEditor", "ConsoleMapEditor\ConsoleMapEditor.csproj", "{883B1FE3-DBA5-4FA9-9681-E644E56A1FEB}"
EndProject
Global
	GlobalSection(SolutionConfigurationPlatforms) = preSolution
		Debug|Any CPU = Debug|Any CPU
		Release|Any CPU = Release|Any CPU
	EndGlobalSection
	GlobalSection(ProjectConfigurationPlatforms) = postSolution
		{653A84CC-8510-4182-9CF5-E2ABB65E49E9}.Debug|Any CPU.ActiveCfg = Debug|Any CPU
		{653A84CC-8510-4182-9CF5-E2ABB65E49E9}.Debug|Any CPU.Build.0 = Debug|Any CPU
		{653A84CC-8510-4182-9CF5-E2ABB65E49E9}.Release|Any CPU.ActiveCfg = Release|Any CPU
		{653A84CC-8510-4182-9CF5-E2ABB65E49E9}.Release|Any CPU.Build.0 = Release|Any CPU
		{883B1FE3-DBA5-4FA9-9681-E644E56A1FEB}.Debug|Any CPU.ActiveCfg = Debug|Any CPU
		{883B1FE3-DBA5-4FA9-9681-E644E56A1FEB}.Debug|Any CPU.Build.0 = Debug|Any CPU
		{883B1FE3-DBA5-4FA9-9681-E644E56A1FEB}.Release|Any CPU.ActiveCfg = Release|Any CPU
		{883B1FE3-DBA5-4FA9-9681-E644E56A1FEB}.Release|Any CPU.Build.0 = Release|Any CPU
	EndGlobalSection
	GlobalSection(SolutionProperties) = preSolution
		HideSolutionNode = FALSE
	EndGlobalSection
EndGlobal
